// !$*UTF8*$!
{
	archiveVersion = 1;
	classes = {
	};
	objectVersion = 46;
	objects = {

/* Begin PBXBuildFile section */
		6E5090263D7542EEB6261F9D /* libPods.a in Frameworks */ = {isa = PBXBuildFile; fileRef = BB66752CBC9A42DBB22B8FAA /* libPods.a */; };
		E6796048198D799400C21DBE /* AppDelegate.swift in Sources */ = {isa = PBXBuildFile; fileRef = E6796047198D799400C21DBE /* AppDelegate.swift */; };
		E679604A198D799400C21DBE /* ViewController.swift in Sources */ = {isa = PBXBuildFile; fileRef = E6796049198D799400C21DBE /* ViewController.swift */; };
		E679604D198D799400C21DBE /* Main.storyboard in Resources */ = {isa = PBXBuildFile; fileRef = E679604B198D799400C21DBE /* Main.storyboard */; };
		E679604F198D799400C21DBE /* Images.xcassets in Resources */ = {isa = PBXBuildFile; fileRef = E679604E198D799400C21DBE /* Images.xcassets */; };
		E679605B198D799500C21DBE /* Ra_iOSTests.swift in Sources */ = {isa = PBXBuildFile; fileRef = E679605A198D799500C21DBE /* Ra_iOSTests.swift */; };
		E679606A198DA10300C21DBE /* FirebaseLight.swift in Sources */ = {isa = PBXBuildFile; fileRef = E6796069198DA10300C21DBE /* FirebaseLight.swift */; };
		E679606C198DA22400C21DBE /* LightAPI.swift in Sources */ = {isa = PBXBuildFile; fileRef = E679606B198DA22400C21DBE /* LightAPI.swift */; };
		E679606F198DA2B100C21DBE /* RaLightProtocol.swift in Sources */ = {isa = PBXBuildFile; fileRef = E679606E198DA2B100C21DBE /* RaLightProtocol.swift */; };
		E6796071198DA36500C21DBE /* LifxLight.swift in Sources */ = {isa = PBXBuildFile; fileRef = E6796070198DA36500C21DBE /* LifxLight.swift */; };
		E6796073198DD0FD00C21DBE /* CoreLocation.framework in Frameworks */ = {isa = PBXBuildFile; fileRef = E6796072198DD0FD00C21DBE /* CoreLocation.framework */; };
		E6796077198E5F0000C21DBE /* Brain.mm in Sources */ = {isa = PBXBuildFile; fileRef = E6796076198E5F0000C21DBE /* Brain.mm */; };
/* End PBXBuildFile section */

/* Begin PBXContainerItemProxy section */
		E6796055198D799500C21DBE /* PBXContainerItemProxy */ = {
			isa = PBXContainerItemProxy;
			containerPortal = E679603A198D799400C21DBE /* Project object */;
			proxyType = 1;
			remoteGlobalIDString = E6796041198D799400C21DBE;
			remoteInfo = "Ra-iOS";
		};
/* End PBXContainerItemProxy section */

/* Begin PBXFileReference section */
		BB66752CBC9A42DBB22B8FAA /* libPods.a */ = {isa = PBXFileReference; explicitFileType = archive.ar; includeInIndex = 0; path = libPods.a; sourceTree = BUILT_PRODUCTS_DIR; };
		E6796042198D799400C21DBE /* Ra-iOS.app */ = {isa = PBXFileReference; explicitFileType = wrapper.application; includeInIndex = 0; path = "Ra-iOS.app"; sourceTree = BUILT_PRODUCTS_DIR; };
		E6796046198D799400C21DBE /* Info.plist */ = {isa = PBXFileReference; lastKnownFileType = text.plist.xml; path = Info.plist; sourceTree = "<group>"; };
		E6796047198D799400C21DBE /* AppDelegate.swift */ = {isa = PBXFileReference; lastKnownFileType = sourcecode.swift; path = AppDelegate.swift; sourceTree = "<group>"; };
		E6796049198D799400C21DBE /* ViewController.swift */ = {isa = PBXFileReference; lastKnownFileType = sourcecode.swift; path = ViewController.swift; sourceTree = "<group>"; };
		E679604C198D799400C21DBE /* Base */ = {isa = PBXFileReference; lastKnownFileType = file.storyboard; name = Base; path = Base.lproj/Main.storyboard; sourceTree = "<group>"; };
		E679604E198D799400C21DBE /* Images.xcassets */ = {isa = PBXFileReference; lastKnownFileType = folder.assetcatalog; path = Images.xcassets; sourceTree = "<group>"; };
		E6796054198D799500C21DBE /* Ra-iOSTests.xctest */ = {isa = PBXFileReference; explicitFileType = wrapper.cfbundle; includeInIndex = 0; path = "Ra-iOSTests.xctest"; sourceTree = BUILT_PRODUCTS_DIR; };
		E6796059198D799500C21DBE /* Info.plist */ = {isa = PBXFileReference; lastKnownFileType = text.plist.xml; path = Info.plist; sourceTree = "<group>"; };
		E679605A198D799500C21DBE /* Ra_iOSTests.swift */ = {isa = PBXFileReference; lastKnownFileType = sourcecode.swift; path = Ra_iOSTests.swift; sourceTree = "<group>"; };
		E6796064198D864500C21DBE /* Ra-iOS-Bridging-Header.h */ = {isa = PBXFileReference; lastKnownFileType = sourcecode.c.h; path = "Ra-iOS-Bridging-Header.h"; sourceTree = "<group>"; };
		E6796069198DA10300C21DBE /* FirebaseLight.swift */ = {isa = PBXFileReference; fileEncoding = 4; lastKnownFileType = sourcecode.swift; path = FirebaseLight.swift; sourceTree = "<group>"; };
		E679606B198DA22400C21DBE /* LightAPI.swift */ = {isa = PBXFileReference; fileEncoding = 4; lastKnownFileType = sourcecode.swift; path = LightAPI.swift; sourceTree = "<group>"; };
		E679606E198DA2B100C21DBE /* RaLightProtocol.swift */ = {isa = PBXFileReference; fileEncoding = 4; lastKnownFileType = sourcecode.swift; path = RaLightProtocol.swift; sourceTree = "<group>"; };
		E6796070198DA36500C21DBE /* LifxLight.swift */ = {isa = PBXFileReference; fileEncoding = 4; lastKnownFileType = sourcecode.swift; path = LifxLight.swift; sourceTree = "<group>"; };
		E6796072198DD0FD00C21DBE /* CoreLocation.framework */ = {isa = PBXFileReference; lastKnownFileType = wrapper.framework; name = CoreLocation.framework; path = System/Library/Frameworks/CoreLocation.framework; sourceTree = SDKROOT; };
		E6796075198E5F0000C21DBE /* Brain.h */ = {isa = PBXFileReference; fileEncoding = 4; lastKnownFileType = sourcecode.c.h; path = Brain.h; sourceTree = "<group>"; };
		E6796076198E5F0000C21DBE /* Brain.mm */ = {isa = PBXFileReference; fileEncoding = 4; lastKnownFileType = sourcecode.cpp.objcpp; path = Brain.mm; sourceTree = "<group>"; };
		F13A79D618FC4BD29D24A295 /* Pods.xcconfig */ = {isa = PBXFileReference; includeInIndex = 1; lastKnownFileType = text.xcconfig; name = Pods.xcconfig; path = Pods/Pods.xcconfig; sourceTree = "<group>"; };
/* End PBXFileReference section */

/* Begin PBXFrameworksBuildPhase section */
		E679603F198D799400C21DBE /* Frameworks */ = {
			isa = PBXFrameworksBuildPhase;
			buildActionMask = 2147483647;
			files = (
				E6796073198DD0FD00C21DBE /* CoreLocation.framework in Frameworks */,
				6E5090263D7542EEB6261F9D /* libPods.a in Frameworks */,
			);
			runOnlyForDeploymentPostprocessing = 0;
		};
		E6796051198D799500C21DBE /* Frameworks */ = {
			isa = PBXFrameworksBuildPhase;
			buildActionMask = 2147483647;
			files = (
			);
			runOnlyForDeploymentPostprocessing = 0;
		};
/* End PBXFrameworksBuildPhase section */

/* Begin PBXGroup section */
		C679DF66491547FEB48B03FD /* Frameworks */ = {
			isa = PBXGroup;
			children = (
				E6796072198DD0FD00C21DBE /* CoreLocation.framework */,
				BB66752CBC9A42DBB22B8FAA /* libPods.a */,
			);
			name = Frameworks;
			sourceTree = "<group>";
		};
		E6796039198D799400C21DBE = {
			isa = PBXGroup;
			children = (
				E6796044198D799400C21DBE /* Ra-iOS */,
				E6796057198D799500C21DBE /* Ra-iOSTests */,
				E6796043198D799400C21DBE /* Products */,
				F13A79D618FC4BD29D24A295 /* Pods.xcconfig */,
				C679DF66491547FEB48B03FD /* Frameworks */,
			);
			sourceTree = "<group>";
		};
		E6796043198D799400C21DBE /* Products */ = {
			isa = PBXGroup;
			children = (
				E6796042198D799400C21DBE /* Ra-iOS.app */,
				E6796054198D799500C21DBE /* Ra-iOSTests.xctest */,
			);
			name = Products;
			sourceTree = "<group>";
		};
		E6796044198D799400C21DBE /* Ra-iOS */ = {
			isa = PBXGroup;
			children = (
				E6796074198E5EA500C21DBE /* Machine Learning */,
				E679606D198DA25E00C21DBE /* Lights */,
				E6796047198D799400C21DBE /* AppDelegate.swift */,
				E6796049198D799400C21DBE /* ViewController.swift */,
				E679604B198D799400C21DBE /* Main.storyboard */,
				E679604E198D799400C21DBE /* Images.xcassets */,
				E6796045198D799400C21DBE /* Supporting Files */,
				E6796064198D864500C21DBE /* Ra-iOS-Bridging-Header.h */,
			);
			path = "Ra-iOS";
			sourceTree = "<group>";
		};
		E6796045198D799400C21DBE /* Supporting Files */ = {
			isa = PBXGroup;
			children = (
				E6796046198D799400C21DBE /* Info.plist */,
			);
			name = "Supporting Files";
			sourceTree = "<group>";
		};
		E6796057198D799500C21DBE /* Ra-iOSTests */ = {
			isa = PBXGroup;
			children = (
				E679605A198D799500C21DBE /* Ra_iOSTests.swift */,
				E6796058198D799500C21DBE /* Supporting Files */,
			);
			path = "Ra-iOSTests";
			sourceTree = "<group>";
		};
		E6796058198D799500C21DBE /* Supporting Files */ = {
			isa = PBXGroup;
			children = (
				E6796059198D799500C21DBE /* Info.plist */,
			);
			name = "Supporting Files";
			sourceTree = "<group>";
		};
		E679606D198DA25E00C21DBE /* Lights */ = {
			isa = PBXGroup;
			children = (
				E679606E198DA2B100C21DBE /* RaLightProtocol.swift */,
				E6796069198DA10300C21DBE /* FirebaseLight.swift */,
				E6796070198DA36500C21DBE /* LifxLight.swift */,
				E679606B198DA22400C21DBE /* LightAPI.swift */,
			);
			name = Lights;
			sourceTree = "<group>";
		};
		E6796074198E5EA500C21DBE /* Machine Learning */ = {
			isa = PBXGroup;
			children = (
				E6796075198E5F0000C21DBE /* Brain.h */,
				E6796076198E5F0000C21DBE /* Brain.mm */,
			);
			name = "Machine Learning";
			sourceTree = "<group>";
		};
/* End PBXGroup section */

/* Begin PBXNativeTarget section */
		E6796041198D799400C21DBE /* Ra-iOS */ = {
			isa = PBXNativeTarget;
			buildConfigurationList = E679605E198D799500C21DBE /* Build configuration list for PBXNativeTarget "Ra-iOS" */;
			buildPhases = (
				5E95F8DA138B4D68B0C6A299 /* Check Pods Manifest.lock */,
				E679603E198D799400C21DBE /* Sources */,
				E679603F198D799400C21DBE /* Frameworks */,
				E6796040198D799400C21DBE /* Resources */,
				FD349C1874604BCABEA9F963 /* Copy Pods Resources */,
			);
			buildRules = (
			);
			dependencies = (
			);
			name = "Ra-iOS";
			productName = "Ra-iOS";
			productReference = E6796042198D799400C21DBE /* Ra-iOS.app */;
			productType = "com.apple.product-type.application";
		};
		E6796053198D799500C21DBE /* Ra-iOSTests */ = {
			isa = PBXNativeTarget;
			buildConfigurationList = E6796061198D799500C21DBE /* Build configuration list for PBXNativeTarget "Ra-iOSTests" */;
			buildPhases = (
				E6796050198D799500C21DBE /* Sources */,
				E6796051198D799500C21DBE /* Frameworks */,
				E6796052198D799500C21DBE /* Resources */,
			);
			buildRules = (
			);
			dependencies = (
				E6796056198D799500C21DBE /* PBXTargetDependency */,
			);
			name = "Ra-iOSTests";
			productName = "Ra-iOSTests";
			productReference = E6796054198D799500C21DBE /* Ra-iOSTests.xctest */;
			productType = "com.apple.product-type.bundle.unit-test";
		};
/* End PBXNativeTarget section */

/* Begin PBXProject section */
		E679603A198D799400C21DBE /* Project object */ = {
			isa = PBXProject;
			attributes = {
				LastUpgradeCheck = 0600;
				ORGANIZATIONNAME = ra;
				TargetAttributes = {
					E6796041198D799400C21DBE = {
						CreatedOnToolsVersion = 6.0;
						DevelopmentTeam = K78G42H4U2;
						SystemCapabilities = {
							com.apple.BackgroundModes = {
								enabled = 1;
							};
						};
					};
					E6796053198D799500C21DBE = {
						CreatedOnToolsVersion = 6.0;
						TestTargetID = E6796041198D799400C21DBE;
					};
				};
			};
			buildConfigurationList = E679603D198D799400C21DBE /* Build configuration list for PBXProject "Ra-iOS" */;
			compatibilityVersion = "Xcode 3.2";
			developmentRegion = English;
			hasScannedForEncodings = 0;
			knownRegions = (
				en,
				Base,
			);
			mainGroup = E6796039198D799400C21DBE;
			productRefGroup = E6796043198D799400C21DBE /* Products */;
			projectDirPath = "";
			projectRoot = "";
			targets = (
				E6796041198D799400C21DBE /* Ra-iOS */,
				E6796053198D799500C21DBE /* Ra-iOSTests */,
			);
		};
/* End PBXProject section */

/* Begin PBXResourcesBuildPhase section */
		E6796040198D799400C21DBE /* Resources */ = {
			isa = PBXResourcesBuildPhase;
			buildActionMask = 2147483647;
			files = (
				E679604D198D799400C21DBE /* Main.storyboard in Resources */,
				E679604F198D799400C21DBE /* Images.xcassets in Resources */,
			);
			runOnlyForDeploymentPostprocessing = 0;
		};
		E6796052198D799500C21DBE /* Resources */ = {
			isa = PBXResourcesBuildPhase;
			buildActionMask = 2147483647;
			files = (
			);
			runOnlyForDeploymentPostprocessing = 0;
		};
/* End PBXResourcesBuildPhase section */

/* Begin PBXShellScriptBuildPhase section */
		5E95F8DA138B4D68B0C6A299 /* Check Pods Manifest.lock */ = {
			isa = PBXShellScriptBuildPhase;
			buildActionMask = 2147483647;
			files = (
			);
			inputPaths = (
			);
			name = "Check Pods Manifest.lock";
			outputPaths = (
			);
			runOnlyForDeploymentPostprocessing = 0;
			shellPath = /bin/sh;
			shellScript = "diff \"${PODS_ROOT}/../Podfile.lock\" \"${PODS_ROOT}/Manifest.lock\" > /dev/null\nif [[ $? != 0 ]] ; then\n    cat << EOM\nerror: The sandbox is not in sync with the Podfile.lock. Run 'pod install' or update your CocoaPods installation.\nEOM\n    exit 1\nfi\n";
			showEnvVarsInLog = 0;
		};
		FD349C1874604BCABEA9F963 /* Copy Pods Resources */ = {
			isa = PBXShellScriptBuildPhase;
			buildActionMask = 2147483647;
			files = (
			);
			inputPaths = (
			);
			name = "Copy Pods Resources";
			outputPaths = (
			);
			runOnlyForDeploymentPostprocessing = 0;
			shellPath = /bin/sh;
			shellScript = "\"${SRCROOT}/Pods/Pods-resources.sh\"\n";
			showEnvVarsInLog = 0;
		};
/* End PBXShellScriptBuildPhase section */

/* Begin PBXSourcesBuildPhase section */
		E679603E198D799400C21DBE /* Sources */ = {
			isa = PBXSourcesBuildPhase;
			buildActionMask = 2147483647;
			files = (
				E6796071198DA36500C21DBE /* LifxLight.swift in Sources */,
				E679606F198DA2B100C21DBE /* RaLightProtocol.swift in Sources */,
				E679604A198D799400C21DBE /* ViewController.swift in Sources */,
				E6796048198D799400C21DBE /* AppDelegate.swift in Sources */,
				E679606A198DA10300C21DBE /* FirebaseLight.swift in Sources */,
				E6796077198E5F0000C21DBE /* Brain.mm in Sources */,
				E679606C198DA22400C21DBE /* LightAPI.swift in Sources */,
			);
			runOnlyForDeploymentPostprocessing = 0;
		};
		E6796050198D799500C21DBE /* Sources */ = {
			isa = PBXSourcesBuildPhase;
			buildActionMask = 2147483647;
			files = (
				E679605B198D799500C21DBE /* Ra_iOSTests.swift in Sources */,
			);
			runOnlyForDeploymentPostprocessing = 0;
		};
/* End PBXSourcesBuildPhase section */

/* Begin PBXTargetDependency section */
		E6796056198D799500C21DBE /* PBXTargetDependency */ = {
			isa = PBXTargetDependency;
			target = E6796041198D799400C21DBE /* Ra-iOS */;
			targetProxy = E6796055198D799500C21DBE /* PBXContainerItemProxy */;
		};
/* End PBXTargetDependency section */

/* Begin PBXVariantGroup section */
		E679604B198D799400C21DBE /* Main.storyboard */ = {
			isa = PBXVariantGroup;
			children = (
				E679604C198D799400C21DBE /* Base */,
			);
			name = Main.storyboard;
			sourceTree = "<group>";
		};
/* End PBXVariantGroup section */

/* Begin XCBuildConfiguration section */
		E679605C198D799500C21DBE /* Debug */ = {
			isa = XCBuildConfiguration;
			buildSettings = {
				ALWAYS_SEARCH_USER_PATHS = NO;
				CLANG_CXX_LANGUAGE_STANDARD = "gnu++0x";
				CLANG_CXX_LIBRARY = "libc++";
				CLANG_ENABLE_MODULES = YES;
				CLANG_ENABLE_OBJC_ARC = YES;
				CLANG_WARN_BOOL_CONVERSION = YES;
				CLANG_WARN_CONSTANT_CONVERSION = YES;
				CLANG_WARN_DIRECT_OBJC_ISA_USAGE = YES_ERROR;
				CLANG_WARN_EMPTY_BODY = YES;
				CLANG_WARN_ENUM_CONVERSION = YES;
				CLANG_WARN_INT_CONVERSION = YES;
				CLANG_WARN_OBJC_ROOT_CLASS = YES_ERROR;
				CLANG_WARN_UNREACHABLE_CODE = YES;
				CLANG_WARN__DUPLICATE_METHOD_MATCH = YES;
				"CODE_SIGN_IDENTITY[sdk=iphoneos*]" = "iPhone Developer";
				COPY_PHASE_STRIP = NO;
				ENABLE_STRICT_OBJC_MSGSEND = YES;
				GCC_C_LANGUAGE_STANDARD = gnu99;
				GCC_DYNAMIC_NO_PIC = NO;
				GCC_OPTIMIZATION_LEVEL = 0;
				GCC_PREPROCESSOR_DEFINITIONS = (
					"DEBUG=1",
					"$(inherited)",
				);
				GCC_SYMBOLS_PRIVATE_EXTERN = NO;
				GCC_WARN_64_TO_32_BIT_CONVERSION = YES;
				GCC_WARN_ABOUT_RETURN_TYPE = YES_ERROR;
				GCC_WARN_UNDECLARED_SELECTOR = YES;
				GCC_WARN_UNINITIALIZED_AUTOS = YES_AGGRESSIVE;
				GCC_WARN_UNUSED_FUNCTION = YES;
				GCC_WARN_UNUSED_VARIABLE = YES;
				IPHONEOS_DEPLOYMENT_TARGET = 7.0;
				MTL_ENABLE_DEBUG_INFO = YES;
				ONLY_ACTIVE_ARCH = YES;
				SDKROOT = iphoneos;
				SWIFT_OPTIMIZATION_LEVEL = "-Onone";
			};
			name = Debug;
		};
		E679605D198D799500C21DBE /* Release */ = {
			isa = XCBuildConfiguration;
			buildSettings = {
				ALWAYS_SEARCH_USER_PATHS = NO;
				CLANG_CXX_LANGUAGE_STANDARD = "gnu++0x";
				CLANG_CXX_LIBRARY = "libc++";
				CLANG_ENABLE_MODULES = YES;
				CLANG_ENABLE_OBJC_ARC = YES;
				CLANG_WARN_BOOL_CONVERSION = YES;
				CLANG_WARN_CONSTANT_CONVERSION = YES;
				CLANG_WARN_DIRECT_OBJC_ISA_USAGE = YES_ERROR;
				CLANG_WARN_EMPTY_BODY = YES;
				CLANG_WARN_ENUM_CONVERSION = YES;
				CLANG_WARN_INT_CONVERSION = YES;
				CLANG_WARN_OBJC_ROOT_CLASS = YES_ERROR;
				CLANG_WARN_UNREACHABLE_CODE = YES;
				CLANG_WARN__DUPLICATE_METHOD_MATCH = YES;
				"CODE_SIGN_IDENTITY[sdk=iphoneos*]" = "iPhone Developer";
				COPY_PHASE_STRIP = YES;
				ENABLE_NS_ASSERTIONS = NO;
				ENABLE_STRICT_OBJC_MSGSEND = YES;
				GCC_C_LANGUAGE_STANDARD = gnu99;
				GCC_WARN_64_TO_32_BIT_CONVERSION = YES;
				GCC_WARN_ABOUT_RETURN_TYPE = YES_ERROR;
				GCC_WARN_UNDECLARED_SELECTOR = YES;
				GCC_WARN_UNINITIALIZED_AUTOS = YES_AGGRESSIVE;
				GCC_WARN_UNUSED_FUNCTION = YES;
				GCC_WARN_UNUSED_VARIABLE = YES;
				IPHONEOS_DEPLOYMENT_TARGET = 7.0;
				MTL_ENABLE_DEBUG_INFO = NO;
				SDKROOT = iphoneos;
				VALIDATE_PRODUCT = YES;
			};
			name = Release;
		};
		E679605F198D799500C21DBE /* Debug */ = {
			isa = XCBuildConfiguration;
			baseConfigurationReference = F13A79D618FC4BD29D24A295 /* Pods.xcconfig */;
			buildSettings = {
				ASSETCATALOG_COMPILER_APPICON_NAME = AppIcon;
				ASSETCATALOG_COMPILER_LAUNCHIMAGE_NAME = LaunchImage;
				CLANG_ENABLE_MODULES = YES;
				CODE_SIGN_IDENTITY = "iPhone Developer";
				"CODE_SIGN_IDENTITY[sdk=iphoneos*]" = "iPhone Developer";
				INFOPLIST_FILE = "Ra-iOS/Info.plist";
				IPHONEOS_DEPLOYMENT_TARGET = 7.0;
				LD_RUNPATH_SEARCH_PATHS = "$(inherited) @executable_path/Frameworks";
				PRODUCT_NAME = "$(TARGET_NAME)";
				PROVISIONING_PROFILE = "";
				SWIFT_OBJC_BRIDGING_HEADER = "Ra-iOS/Ra-iOS-Bridging-Header.h";
				SWIFT_OPTIMIZATION_LEVEL = "-Onone";
			};
			name = Debug;
		};
		E6796060198D799500C21DBE /* Release */ = {
			isa = XCBuildConfiguration;
			baseConfigurationReference = F13A79D618FC4BD29D24A295 /* Pods.xcconfig */;
			buildSettings = {
				ASSETCATALOG_COMPILER_APPICON_NAME = AppIcon;
				ASSETCATALOG_COMPILER_LAUNCHIMAGE_NAME = LaunchImage;
				CLANG_ENABLE_MODULES = YES;
				CODE_SIGN_IDENTITY = "iPhone Developer";
				"CODE_SIGN_IDENTITY[sdk=iphoneos*]" = "iPhone Developer";
				INFOPLIST_FILE = "Ra-iOS/Info.plist";
				IPHONEOS_DEPLOYMENT_TARGET = 7.0;
				LD_RUNPATH_SEARCH_PATHS = "$(inherited) @executable_path/Frameworks";
				PRODUCT_NAME = "$(TARGET_NAME)";
				PROVISIONING_PROFILE = "";
				SWIFT_OBJC_BRIDGING_HEADER = "Ra-iOS/Ra-iOS-Bridging-Header.h";
			};
			name = Release;
		};
		E6796062198D799500C21DBE /* Debug */ = {
			isa = XCBuildConfiguration;
			buildSettings = {
				BUNDLE_LOADER = "$(BUILT_PRODUCTS_DIR)/Ra-iOS.app/Ra-iOS";
				FRAMEWORK_SEARCH_PATHS = (
					"$(SDKROOT)/Developer/Library/Frameworks",
					"$(inherited)",
				);
				GCC_PREPROCESSOR_DEFINITIONS = (
					"DEBUG=1",
					"$(inherited)",
				);
				INFOPLIST_FILE = "Ra-iOSTests/Info.plist";
				LD_RUNPATH_SEARCH_PATHS = "$(inherited) @executable_path/Frameworks @loader_path/Frameworks";
				PRODUCT_NAME = "$(TARGET_NAME)";
				TEST_HOST = "$(BUNDLE_LOADER)";
			};
			name = Debug;
		};
		E6796063198D799500C21DBE /* Release */ = {
			isa = XCBuildConfiguration;
			buildSettings = {
				BUNDLE_LOADER = "$(BUILT_PRODUCTS_DIR)/Ra-iOS.app/Ra-iOS";
				FRAMEWORK_SEARCH_PATHS = (
					"$(SDKROOT)/Developer/Library/Frameworks",
					"$(inherited)",
				);
				INFOPLIST_FILE = "Ra-iOSTests/Info.plist";
				LD_RUNPATH_SEARCH_PATHS = "$(inherited) @executable_path/Frameworks @loader_path/Frameworks";
				PRODUCT_NAME = "$(TARGET_NAME)";
				TEST_HOST = "$(BUNDLE_LOADER)";
			};
			name = Release;
		};
/* End XCBuildConfiguration section */

/* Begin XCConfigurationList section */
		E679603D198D799400C21DBE /* Build configuration list for PBXProject "Ra-iOS" */ = {
			isa = XCConfigurationList;
			buildConfigurations = (
				E679605C198D799500C21DBE /* Debug */,
				E679605D198D799500C21DBE /* Release */,
			);
			defaultConfigurationIsVisible = 0;
			defaultConfigurationName = Release;
		};
		E679605E198D799500C21DBE /* Build configuration list for PBXNativeTarget "Ra-iOS" */ = {
			isa = XCConfigurationList;
			buildConfigurations = (
				E679605F198D799500C21DBE /* Debug */,
				E6796060198D799500C21DBE /* Release */,
			);
			defaultConfigurationIsVisible = 0;
			defaultConfigurationName = Release;
		};
		E6796061198D799500C21DBE /* Build configuration list for PBXNativeTarget "Ra-iOSTests" */ = {
			isa = XCConfigurationList;
			buildConfigurations = (
				E6796062198D799500C21DBE /* Debug */,
				E6796063198D799500C21DBE /* Release */,
			);
			defaultConfigurationIsVisible = 0;
			defaultConfigurationName = Release;
		};
/* End XCConfigurationList section */
	};
	rootObject = E679603A198D799400C21DBE /* Project object */;
}
